{
  "nodes": {
    "Qwen--Qwen2_5-0_5B": {
      "flake": false,
      "locked": {
        "lastModified": 1727267556,
        "narHash": "sha256-BjYP2cg7vXSX1ljF2/YEr1Kq/nokWqUrni8Nm+2t19g=",
        "ref": "refs/heads/main",
        "rev": "060db6499f32faf8b98477b0a26969ef7d8b9987",
        "revCount": 12,
        "type": "git",
        "url": "https://huggingface.co/Qwen/Qwen2.5-0.5B"
      },
      "original": {
        "type": "git",
        "url": "https://huggingface.co/Qwen/Qwen2.5-0.5B"
      }
    },
    "Qwen--Qwen2_5-1_5B-Instruct": {
      "flake": false,
      "locked": {
        "lastModified": 1727267570,
        "narHash": "sha256-61+m6ZCMph5mbUUGZuDfO+Tdq7VMFM5Q5qnh5dCxego=",
        "ref": "refs/heads/main",
        "rev": "989aa7980e4cf806f80c7fef2b1adb7bc71aa306",
        "revCount": 8,
        "type": "git",
        "url": "https://huggingface.co/Qwen/Qwen2.5-1.5B-Instruct"
      },
      "original": {
        "type": "git",
        "url": "https://huggingface.co/Qwen/Qwen2.5-1.5B-Instruct"
      }
    },
    "Qwen--Qwen3-0_6B": {
      "flake": false,
      "locked": {
        "lastModified": 1753501587,
        "narHash": "sha256-BWSQkHRRZJ+1/J5FgQ1j6FVpIp4BQmTEtfGr7GeDRtc=",
        "ref": "refs/heads/main",
        "rev": "c1899de289a04d12100db370d81485cdf75e47ca",
        "revCount": 24,
        "type": "git",
        "url": "https://huggingface.co/Qwen/Qwen3-0.6B"
      },
      "original": {
        "type": "git",
        "url": "https://huggingface.co/Qwen/Qwen3-0.6B"
      }
    },
    "channel": {
      "locked": {
        "lastModified": 1781607440,
        "narHash": "sha256-rxO+uc/KFbSJp+pgyXRuAX6QlG9hJdnt0BXpEQRXY+U=",
        "owner": "nixos",
        "repo": "nixpkgs",
        "rev": "3e41b24abd260e8f71dbe2f5737d24122f972158",
        "type": "github"
      },
      "original": {
        "owner": "nixos",
        "ref": "nixpkgs-unstable",
        "repo": "nixpkgs",
        "type": "github"
      }
    },
    "core": {
      "inputs": {
        "flake-parts": "flake-parts",
        "nixpkgs": [
          "flake",
          "core",
          "nixpkgs-unstable",
          "channel"
        ],
        "nixpkgs-unstable": "nixpkgs-unstable"
      },
      "locked": {
        "lastModified": 1781799569,
        "narHash": "sha256-yHYqZ0OKwRHwYxfUyuEAyt6svj/5GS0UDBMOOJUpsE0=",
        "owner": "nixology",
        "repo": "core.nix",
        "rev": "99e17cc68b9c8df2b3247bb93d1307348bad2c25",
        "type": "github"
      },
      "original": {
        "owner": "nixology",
        "repo": "core.nix",
        "type": "github"
      }
    },
    "flake": {
      "inputs": {
        "core": "core"
      },
      "locked": {
        "lastModified": 1781799806,
        "narHash": "sha256-3Sl30nNmEMebS68uyZ8OQlQxX353w1hHPvO3auqNp3w=",
        "owner": "nixology",
        "repo": "flake.nix",
        "rev": "9285599d96b04ce19517745069c00a3478fc66bb",
        "type": "github"
      },
      "original": {
        "owner": "nixology",
        "repo": "flake.nix",
        "type": "github"
      }
    },
    "flake-parts": {
      "inputs": {
        "nixpkgs-lib": "nixpkgs-lib"
      },
      "locked": {
        "lastModified": 1778716662,
        "narHash": "sha256-m1Yf0wZ8j1OHjTc2UwHwyQRSnNeSgLJOd7q5Y45hzi4=",
        "owner": "hercules-ci",
        "repo": "flake-parts",
        "rev": "f7c1a2d347e4c52d5fb8d10cb4d94b5884e546fb",
        "type": "github"
      },
      "original": {
        "owner": "hercules-ci",
        "repo": "flake-parts",
        "type": "github"
      }
    },
    "nix-hug": {
      "inputs": {
        "nixpkgs": [
          "flake",
          "core",
          "nixpkgs"
        ]
      },
      "locked": {
        "lastModified": 1781378659,
        "narHash": "sha256-pMVMUQaRTCsEscL+I5tPjxeDyCiX2KG9ttu4RRnnCxs=",
        "owner": "marksisson",
        "repo": "nix-hug",
        "rev": "cfd663e6a36cb0a40b8e6724095814ca3804d933",
        "type": "github"
      },
      "original": {
        "owner": "marksisson",
        "ref": "use-nixpkgs-fetchurl",
        "repo": "nix-hug",
        "type": "github"
      }
    },
    "nixpkgs-lib": {
      "locked": {
        "lastModified": 1777168982,
        "narHash": "sha256-GOkGPcboWE9BmGCRMLX3worL4EMnsnG8MyKmXNeYuhQ=",
        "owner": "nix-community",
        "repo": "nixpkgs.lib",
        "rev": "f5901329dade4a6ea039af1433fb087bd9c1fe14",
        "type": "github"
      },
      "original": {
        "owner": "nix-community",
        "repo": "nixpkgs.lib",
        "type": "github"
      }
    },
    "nixpkgs-unstable": {
      "inputs": {
        "channel": "channel"
      },
      "locked": {
        "dir": "nixpkgs-unstable",
        "lastModified": 1781798631,
        "narHash": "sha256-TFnCx40VNHLwA+gS3Tb6HW7do3aZijyVp/H2FV4rSz4=",
        "owner": "nixology",
        "repo": "channels.nix",
        "rev": "01b2cfe422ec424fdfa4312a1655f2bd4ac7b326",
        "type": "github"
      },
      "original": {
        "dir": "nixpkgs-unstable",
        "owner": "nixology",
        "repo": "channels.nix",
        "type": "github"
      }
    },
    "root": {
      "inputs": {
        "Qwen--Qwen2_5-0_5B": "Qwen--Qwen2_5-0_5B",
        "Qwen--Qwen2_5-1_5B-Instruct": "Qwen--Qwen2_5-1_5B-Instruct",
        "Qwen--Qwen3-0_6B": "Qwen--Qwen3-0_6B",
        "flake": "flake",
        "nix-hug": "nix-hug",
        "unsloth--Qwen3_6-27B-MLX-8bit": "unsloth--Qwen3_6-27B-MLX-8bit",
        "unsloth--Qwen3_6-35B-A3B-MLX-8bit": "unsloth--Qwen3_6-35B-A3B-MLX-8bit",
        "yujiepan--mistral-v0_3-tiny-random": "yujiepan--mistral-v0_3-tiny-random",
        "yujiepan--qwen2_5-tiny-random": "yujiepan--qwen2_5-tiny-random",
        "yujiepan--qwen3-tiny-random": "yujiepan--qwen3-tiny-random"
      }
    },
    "unsloth--Qwen3_6-27B-MLX-8bit": {
      "flake": false,
      "locked": {
        "lastModified": 1776867520,
        "narHash": "sha256-OSeRG95pSri8kdRKzM4fmTj7wo5Z37h9OiwMeJl4Dy4=",
        "ref": "refs/heads/main",
        "rev": "78067073d2bf9795e5aabcfcd647bd36cf43c0b5",
        "revCount": 2,
        "type": "git",
        "url": "https://huggingface.co/unsloth/Qwen3.6-27B-MLX-8bit"
      },
      "original": {
        "type": "git",
        "url": "https://huggingface.co/unsloth/Qwen3.6-27B-MLX-8bit"
      }
    },
    "unsloth--Qwen3_6-35B-A3B-MLX-8bit": {
      "flake": false,
      "locked": {
        "lastModified": 1776414385,
        "narHash": "sha256-zzY7Lf1MYshSsj8RXyCL7J226GMJ2K4oMp6SXkEPYLY=",
        "ref": "refs/heads/main",
        "rev": "d928611c119d7d86037d6926ac50712062ff0f29",
        "revCount": 3,
        "type": "git",
        "url": "https://huggingface.co/unsloth/Qwen3.6-35B-A3b-MLX-8bit"
      },
      "original": {
        "type": "git",
        "url": "https://huggingface.co/unsloth/Qwen3.6-35B-A3b-MLX-8bit"
      }
    },
    "yujiepan--mistral-v0_3-tiny-random": {
      "flake": false,
      "locked": {
        "lastModified": 1721488222,
        "narHash": "sha256-+LQgdRJAbA4jz7fyJ9Z7FGQ5yVueEXkWSQi+E9lQO1c=",
        "ref": "refs/heads/main",
        "rev": "7d912a02c3e39ec05b60171988f08335f52d2745",
        "revCount": 8,
        "type": "git",
        "url": "https://huggingface.co/yujiepan/mistral-v0.3-tiny-random"
      },
      "original": {
        "type": "git",
        "url": "https://huggingface.co/yujiepan/mistral-v0.3-tiny-random"
      }
    },
    "yujiepan--qwen2_5-tiny-random": {
      "flake": false,
      "locked": {
        "lastModified": 1727064806,
        "narHash": "sha256-GumEXYT9E4ysSKIXE34/Rk6rJL4OPX4z+ENBWwoiMJg=",
        "ref": "refs/heads/main",
        "rev": "0354728bb14944308c3134cf48d29302030a72c0",
        "revCount": 3,
        "type": "git",
        "url": "https://huggingface.co/yujiepan/qwen2.5-tiny-random"
      },
      "original": {
        "type": "git",
        "url": "https://huggingface.co/yujiepan/qwen2.5-tiny-random"
      }
    },
    "yujiepan--qwen3-tiny-random": {
      "flake": false,
      "locked": {
        "lastModified": 1745905839,
        "narHash": "sha256-X5IGZXGgxaEbpQXtcMp1te/CgjQsddCE7h+rj89bND8=",
        "ref": "refs/heads/main",
        "rev": "c5aa03d329380306bf4890b3715fecf0982efd52",
        "revCount": 3,
        "type": "git",
        "url": "https://huggingface.co/yujiepan/qwen3-tiny-random"
      },
      "original": {
        "type": "git",
        "url": "https://huggingface.co/yujiepan/qwen3-tiny-random"
      }
    }
  },
  "root": "root",
  "version": 7
}
