{
  "nodes": {
    "Qwen--Qwen2_5-0_5B": {
      "flake": false,
      "locked": {
        "lastModified": 1727267556,
        "narHash": "sha256-BjYP2cg7vXSX1ljF2/YEr1Kq/nokWqUrni8Nm+2t19g=",
        "ref": "refs/heads/main",
        "rev": "060db6499f32faf8b98477b0a26969ef7d8b9987",
        "revCount": 12,
        "type": "git",
        "url": "https://huggingface.co/Qwen/Qwen2.5-0.5B"
      },
      "original": {
        "type": "git",
        "url": "https://huggingface.co/Qwen/Qwen2.5-0.5B"
      }
    },
    "Qwen--Qwen2_5-1_5B-Instruct": {
      "flake": false,
      "locked": {
        "lastModified": 1727267570,
        "narHash": "sha256-61+m6ZCMph5mbUUGZuDfO+Tdq7VMFM5Q5qnh5dCxego=",
        "ref": "refs/heads/main",
        "rev": "989aa7980e4cf806f80c7fef2b1adb7bc71aa306",
        "revCount": 8,
        "type": "git",
        "url": "https://huggingface.co/Qwen/Qwen2.5-1.5B-Instruct"
      },
      "original": {
        "type": "git",
        "url": "https://huggingface.co/Qwen/Qwen2.5-1.5B-Instruct"
      }
    },
    "Qwen--Qwen3-0_6B": {
      "flake": false,
      "locked": {
        "lastModified": 1753501587,
        "narHash": "sha256-BWSQkHRRZJ+1/J5FgQ1j6FVpIp4BQmTEtfGr7GeDRtc=",
        "ref": "refs/heads/main",
        "rev": "c1899de289a04d12100db370d81485cdf75e47ca",
        "revCount": 24,
        "type": "git",
        "url": "https://huggingface.co/Qwen/Qwen3-0.6B"
      },
      "original": {
        "type": "git",
        "url": "https://huggingface.co/Qwen/Qwen3-0.6B"
      }
    },
    "channel": {
      "locked": {
        "lastModified": 1782175435,
        "narHash": "sha256-EMzXKmnOtBQ2MnvpiNOm7E+kOMvdPrIKaeg52Tip2Uk=",
        "owner": "nixos",
        "repo": "nixpkgs",
        "rev": "89570f24e97e614aa34aa9ab1c927b6578a43775",
        "type": "github"
      },
      "original": {
        "owner": "nixos",
        "ref": "nixpkgs-unstable",
        "repo": "nixpkgs",
        "type": "github"
      }
    },
    "core": {
      "inputs": {
        "default": "default",
        "flake-parts": "flake-parts",
        "nixpkgs": [
          "flake",
          "core",
          "default",
          "channel"
        ]
      },
      "locked": {
        "lastModified": 1782747028,
        "narHash": "sha256-WwERZtf45uhNo4ISBI7+CfLWOPDvGjNQ8vOakE5Mw1o=",
        "owner": "nixology",
        "repo": "core.nix",
        "rev": "9ac3f44c0ebe1efacb8ef726f52dcd8f2f43316a",
        "type": "github"
      },
      "original": {
        "owner": "nixology",
        "repo": "core.nix",
        "type": "github"
      }
    },
    "default": {
      "inputs": {
        "channel": "channel"
      },
      "locked": {
        "dir": "nixpkgs-unstable",
        "lastModified": 1782487550,
        "narHash": "sha256-3FNlJjDJ8D8W+q+uS6REnSWf0EnbE7wFq3JUVhP7CXw=",
        "owner": "nixology",
        "repo": "channels.nix",
        "rev": "8af490517a58ad6d0954470ed1c16c0b639f975d",
        "type": "github"
      },
      "original": {
        "dir": "nixpkgs-unstable",
        "owner": "nixology",
        "repo": "channels.nix",
        "type": "github"
      }
    },
    "flake": {
      "inputs": {
        "core": "core"
      },
      "locked": {
        "lastModified": 1782747099,
        "narHash": "sha256-BZHRpOwyW4nA2VXENBEPvP6R4ZRGnQIcubM1yEyokwQ=",
        "owner": "nixology",
        "repo": "flake.nix",
        "rev": "96c66aac5b8a2c1c896e960fc1375be4cbaeff2b",
        "type": "github"
      },
      "original": {
        "owner": "nixology",
        "repo": "flake.nix",
        "type": "github"
      }
    },
    "flake-parts": {
      "inputs": {
        "nixpkgs-lib": "nixpkgs-lib"
      },
      "locked": {
        "lastModified": 1778716662,
        "narHash": "sha256-m1Yf0wZ8j1OHjTc2UwHwyQRSnNeSgLJOd7q5Y45hzi4=",
        "owner": "hercules-ci",
        "repo": "flake-parts",
        "rev": "f7c1a2d347e4c52d5fb8d10cb4d94b5884e546fb",
        "type": "github"
      },
      "original": {
        "owner": "hercules-ci",
        "repo": "flake-parts",
        "type": "github"
      }
    },
    "google--gemma-3-1b-it": {
      "flake": false,
      "locked": {
        "lastModified": 1743772360,
        "narHash": "sha256-bbkUcq11f4U6bwV1N63IdrG5qLxHEoAV0FOjcCbItf4=",
        "ref": "refs/heads/main",
        "rev": "dcc83ea841ab6100d6b47a070329e1ba4cf78752",
        "revCount": 7,
        "type": "git",
        "url": "https://huggingface.co/google/gemma-3-1b-it"
      },
      "original": {
        "type": "git",
        "url": "https://huggingface.co/google/gemma-3-1b-it"
      }
    },
    "mlx-community--Ornith-1_0-35B-8bit": {
      "flake": false,
      "locked": {
        "lastModified": 1782594029,
        "narHash": "sha256-7yATzBTkb+5+ArOOqcAWu4k22PhfFdY3ztGltt7HQGM=",
        "ref": "refs/heads/main",
        "rev": "28d10f45a04981989f5a2e53e38f6473e81e815a",
        "revCount": 2,
        "type": "git",
        "url": "https://huggingface.co/mlx-community/Ornith-1.0-35B-8bit"
      },
      "original": {
        "type": "git",
        "url": "https://huggingface.co/mlx-community/Ornith-1.0-35B-8bit"
      }
    },
    "mlx-community--Ornith-1_0-9B-bf16": {
      "flake": false,
      "locked": {
        "lastModified": 1782639591,
        "narHash": "sha256-sGVdtj4EhsbBcun/B6zlFsw5Z+8JT53DW78Mi95K1/4=",
        "ref": "refs/heads/main",
        "rev": "5944bc88218397fe6879d5b350b26297673f80a7",
        "revCount": 2,
        "type": "git",
        "url": "https://huggingface.co/mlx-community/Ornith-1.0-9B-bf16"
      },
      "original": {
        "type": "git",
        "url": "https://huggingface.co/mlx-community/Ornith-1.0-9B-bf16"
      }
    },
    "nix-hug": {
      "inputs": {
        "nixpkgs": [
          "flake",
          "core",
          "nixpkgs"
        ]
      },
      "locked": {
        "lastModified": 1781967748,
        "narHash": "sha256-RJams51fGsTUHKRuQYcfzVbLeGD7aBcKj3RFGD51XYQ=",
        "owner": "marksisson",
        "repo": "nix-hug",
        "rev": "61249e3f631b134c790e1a07f319cc32a79c5532",
        "type": "github"
      },
      "original": {
        "owner": "marksisson",
        "ref": "marksisson/add-fetchurl-curl-opts",
        "repo": "nix-hug",
        "type": "github"
      }
    },
    "nixpkgs-lib": {
      "locked": {
        "lastModified": 1777168982,
        "narHash": "sha256-GOkGPcboWE9BmGCRMLX3worL4EMnsnG8MyKmXNeYuhQ=",
        "owner": "nix-community",
        "repo": "nixpkgs.lib",
        "rev": "f5901329dade4a6ea039af1433fb087bd9c1fe14",
        "type": "github"
      },
      "original": {
        "owner": "nix-community",
        "repo": "nixpkgs.lib",
        "type": "github"
      }
    },
    "root": {
      "inputs": {
        "Qwen--Qwen2_5-0_5B": "Qwen--Qwen2_5-0_5B",
        "Qwen--Qwen2_5-1_5B-Instruct": "Qwen--Qwen2_5-1_5B-Instruct",
        "Qwen--Qwen3-0_6B": "Qwen--Qwen3-0_6B",
        "flake": "flake",
        "google--gemma-3-1b-it": "google--gemma-3-1b-it",
        "mlx-community--Ornith-1_0-35B-8bit": "mlx-community--Ornith-1_0-35B-8bit",
        "mlx-community--Ornith-1_0-9B-bf16": "mlx-community--Ornith-1_0-9B-bf16",
        "nix-hug": "nix-hug",
        "unsloth--Qwen3_6-27B-MLX-8bit": "unsloth--Qwen3_6-27B-MLX-8bit",
        "unsloth--Qwen3_6-35B-A3B-MLX-8bit": "unsloth--Qwen3_6-35B-A3B-MLX-8bit",
        "yujiepan--gemma-3-tiny-random": "yujiepan--gemma-3-tiny-random",
        "yujiepan--mistral-v0_3-tiny-random": "yujiepan--mistral-v0_3-tiny-random",
        "yujiepan--qwen2_5-tiny-random": "yujiepan--qwen2_5-tiny-random",
        "yujiepan--qwen3-tiny-random": "yujiepan--qwen3-tiny-random"
      }
    },
    "unsloth--Qwen3_6-27B-MLX-8bit": {
      "flake": false,
      "locked": {
        "lastModified": 1776867520,
        "narHash": "sha256-OSeRG95pSri8kdRKzM4fmTj7wo5Z37h9OiwMeJl4Dy4=",
        "ref": "refs/heads/main",
        "rev": "78067073d2bf9795e5aabcfcd647bd36cf43c0b5",
        "revCount": 2,
        "type": "git",
        "url": "https://huggingface.co/unsloth/Qwen3.6-27B-MLX-8bit"
      },
      "original": {
        "type": "git",
        "url": "https://huggingface.co/unsloth/Qwen3.6-27B-MLX-8bit"
      }
    },
    "unsloth--Qwen3_6-35B-A3B-MLX-8bit": {
      "flake": false,
      "locked": {
        "lastModified": 1776414385,
        "narHash": "sha256-zzY7Lf1MYshSsj8RXyCL7J226GMJ2K4oMp6SXkEPYLY=",
        "ref": "refs/heads/main",
        "rev": "d928611c119d7d86037d6926ac50712062ff0f29",
        "revCount": 3,
        "type": "git",
        "url": "https://huggingface.co/unsloth/Qwen3.6-35B-A3b-MLX-8bit"
      },
      "original": {
        "type": "git",
        "url": "https://huggingface.co/unsloth/Qwen3.6-35B-A3b-MLX-8bit"
      }
    },
    "yujiepan--gemma-3-tiny-random": {
      "flake": false,
      "locked": {
        "lastModified": 1742061357,
        "narHash": "sha256-HjMy9d4fYcvpsZkUmXOyLklw5FPMUNdWGnlrAnc9Zvo=",
        "ref": "refs/heads/main",
        "rev": "f746b7ca8ef1ae9ba057354188bfcce0c788d674",
        "revCount": 3,
        "type": "git",
        "url": "https://huggingface.co/yujiepan/gemma-3-tiny-random"
      },
      "original": {
        "type": "git",
        "url": "https://huggingface.co/yujiepan/gemma-3-tiny-random"
      }
    },
    "yujiepan--mistral-v0_3-tiny-random": {
      "flake": false,
      "locked": {
        "lastModified": 1721488222,
        "narHash": "sha256-+LQgdRJAbA4jz7fyJ9Z7FGQ5yVueEXkWSQi+E9lQO1c=",
        "ref": "refs/heads/main",
        "rev": "7d912a02c3e39ec05b60171988f08335f52d2745",
        "revCount": 8,
        "type": "git",
        "url": "https://huggingface.co/yujiepan/mistral-v0.3-tiny-random"
      },
      "original": {
        "type": "git",
        "url": "https://huggingface.co/yujiepan/mistral-v0.3-tiny-random"
      }
    },
    "yujiepan--qwen2_5-tiny-random": {
      "flake": false,
      "locked": {
        "lastModified": 1727064806,
        "narHash": "sha256-GumEXYT9E4ysSKIXE34/Rk6rJL4OPX4z+ENBWwoiMJg=",
        "ref": "refs/heads/main",
        "rev": "0354728bb14944308c3134cf48d29302030a72c0",
        "revCount": 3,
        "type": "git",
        "url": "https://huggingface.co/yujiepan/qwen2.5-tiny-random"
      },
      "original": {
        "type": "git",
        "url": "https://huggingface.co/yujiepan/qwen2.5-tiny-random"
      }
    },
    "yujiepan--qwen3-tiny-random": {
      "flake": false,
      "locked": {
        "lastModified": 1745905839,
        "narHash": "sha256-X5IGZXGgxaEbpQXtcMp1te/CgjQsddCE7h+rj89bND8=",
        "ref": "refs/heads/main",
        "rev": "c5aa03d329380306bf4890b3715fecf0982efd52",
        "revCount": 3,
        "type": "git",
        "url": "https://huggingface.co/yujiepan/qwen3-tiny-random"
      },
      "original": {
        "type": "git",
        "url": "https://huggingface.co/yujiepan/qwen3-tiny-random"
      }
    }
  },
  "root": "root",
  "version": 7
}
